
Microsoft Visual Studio Solution File, Format Version 12.00
# Visual Studio 15
VisualStudioVersion = 15.0.27703.2042
MinimumVisualStudioVersion = 10.0.40219.1
Project("{FAE04EC0-301F-11D3-BF4B-00C04F79EFBC}") = "ButtonEvent", "ButtonEvent\ButtonEvent.csproj", "{B1DC71F9-6288-41BA-895B-41ED79E15242}"
EndProject
Global
	GlobalSection(SolutionConfigurationPlatforms) = preSolution
		Debug|Any CPU = Debug|Any CPU
		Release|Any CPU = Release|Any CPU
	EndGlobalSection
	GlobalSection(ProjectConfigurationPlatforms) = postSolution
		{B1DC71F9-6288-41BA-895B-41ED79E15242}.Debug|Any CPU.ActiveCfg = Debug|Any CPU
		{B1DC71F9-6288-41BA-895B-41ED79E15242}.Debug|Any CPU.Build.0 = Debug|Any CPU
		{B1DC71F9-6288-41BA-895B-41ED79E15242}.Release|Any CPU.ActiveCfg = Release|Any CPU
		{B1DC71F9-6288-41BA-895B-41ED79E15242}.Release|Any CPU.Build.0 = Release|Any CPU
	EndGlobalSection
	GlobalSection(SolutionProperties) = preSolution
		HideSolutionNode = FALSE
	EndGlobalSection
	GlobalSection(ExtensibilityGlobals) = postSolution
		SolutionGuid = {4E951B18-6454-42A6-994F-15035864A199}
	EndGlobalSection
EndGlobal
