
Microsoft Visual Studio Solution File, Format Version 12.00
# Visual Studio 15
VisualStudioVersion = 15.0.27703.2042
MinimumVisualStudioVersion = 10.0.40219.1
Project("{FAE04EC0-301F-11D3-BF4B-00C04F79EFBC}") = "DB Veri Ekleme", "DB Veri Ekleme\DB Veri Ekleme.csproj", "{AEA77044-F094-404E-BC01-2FEC433CB4FF}"
EndProject
Global
	GlobalSection(SolutionConfigurationPlatforms) = preSolution
		Debug|Any CPU = Debug|Any CPU
		Release|Any CPU = Release|Any CPU
	EndGlobalSection
	GlobalSection(ProjectConfigurationPlatforms) = postSolution
		{AEA77044-F094-404E-BC01-2FEC433CB4FF}.Debug|Any CPU.ActiveCfg = Debug|Any CPU
		{AEA77044-F094-404E-BC01-2FEC433CB4FF}.Debug|Any CPU.Build.0 = Debug|Any CPU
		{AEA77044-F094-404E-BC01-2FEC433CB4FF}.Release|Any CPU.ActiveCfg = Release|Any CPU
		{AEA77044-F094-404E-BC01-2FEC433CB4FF}.Release|Any CPU.Build.0 = Release|Any CPU
	EndGlobalSection
	GlobalSection(SolutionProperties) = preSolution
		HideSolutionNode = FALSE
	EndGlobalSection
	GlobalSection(ExtensibilityGlobals) = postSolution
		SolutionGuid = {106C5371-0BE4-4E23-ABDB-072237139335}
	EndGlobalSection
EndGlobal
